
Microsoft Visual Studio Solution File, Format Version 12.00
# Visual Studio Version 17
VisualStudioVersion = 17.12.35707.178
MinimumVisualStudioVersion = 10.0.40219.1
Project("{FAE04EC0-301F-11D3-BF4B-00C04F79EFBC}") = "Talabat.API", "Talabat.API\Talabat.API.csproj", "{9746B3E1-83BC-4F41-9FD7-D912D0D375A8}"
EndProject
Project("{FAE04EC0-301F-11D3-BF4B-00C04F79EFBC}") = "Talabat.Core", "Talabat.Core\Talabat.Core.csproj", "{D654956B-0E50-4B01-A37F-994F96063DCF}"
EndProject
Project("{FAE04EC0-301F-11D3-BF4B-00C04F79EFBC}") = "Talabat.Repository", "Talabat.Repository\Talabat.Repository.csproj", "{298E776F-C43F-4A53-8066-F3211E49D2F6}"
EndProject
Project("{FAE04EC0-301F-11D3-BF4B-00C04F79EFBC}") = "Talabat.Services", "Talabat.Services\Talabat.Services.csproj", "{C7E2E4BA-2E29-42C6-BE44-FA7586699307}"
EndProject
Project("{FAE04EC0-301F-11D3-BF4B-00C04F79EFBC}") = "AdminPanel", "AdminPanel\AdminPanel.csproj", "{470990A4-59EE-4E46-BB78-233ECB73EF7C}"
EndProject
Global
	GlobalSection(SolutionConfigurationPlatforms) = preSolution
		Debug|Any CPU = Debug|Any CPU
		Release|Any CPU = Release|Any CPU
	EndGlobalSection
	GlobalSection(ProjectConfigurationPlatforms) = postSolution
		{9746B3E1-83BC-4F41-9FD7-D912D0D375A8}.Debug|Any CPU.ActiveCfg = Debug|Any CPU
		{9746B3E1-83BC-4F41-9FD7-D912D0D375A8}.Debug|Any CPU.Build.0 = Debug|Any CPU
		{9746B3E1-83BC-4F41-9FD7-D912D0D375A8}.Release|Any CPU.ActiveCfg = Release|Any CPU
		{9746B3E1-83BC-4F41-9FD7-D912D0D375A8}.Release|Any CPU.Build.0 = Release|Any CPU
		{D654956B-0E50-4B01-A37F-994F96063DCF}.Debug|Any CPU.ActiveCfg = Debug|Any CPU
		{D654956B-0E50-4B01-A37F-994F96063DCF}.Debug|Any CPU.Build.0 = Debug|Any CPU
		{D654956B-0E50-4B01-A37F-994F96063DCF}.Release|Any CPU.ActiveCfg = Release|Any CPU
		{D654956B-0E50-4B01-A37F-994F96063DCF}.Release|Any CPU.Build.0 = Release|Any CPU
		{298E776F-C43F-4A53-8066-F3211E49D2F6}.Debug|Any CPU.ActiveCfg = Debug|Any CPU
		{298E776F-C43F-4A53-8066-F3211E49D2F6}.Debug|Any CPU.Build.0 = Debug|Any CPU
		{298E776F-C43F-4A53-8066-F3211E49D2F6}.Release|Any CPU.ActiveCfg = Release|Any CPU
		{298E776F-C43F-4A53-8066-F3211E49D2F6}.Release|Any CPU.Build.0 = Release|Any CPU
		{C7E2E4BA-2E29-42C6-BE44-FA7586699307}.Debug|Any CPU.ActiveCfg = Debug|Any CPU
		{C7E2E4BA-2E29-42C6-BE44-FA7586699307}.Debug|Any CPU.Build.0 = Debug|Any CPU
		{C7E2E4BA-2E29-42C6-BE44-FA7586699307}.Release|Any CPU.ActiveCfg = Release|Any CPU
		{C7E2E4BA-2E29-42C6-BE44-FA7586699307}.Release|Any CPU.Build.0 = Release|Any CPU
		{470990A4-59EE-4E46-BB78-233ECB73EF7C}.Debug|Any CPU.ActiveCfg = Debug|Any CPU
		{470990A4-59EE-4E46-BB78-233ECB73EF7C}.Debug|Any CPU.Build.0 = Debug|Any CPU
		{470990A4-59EE-4E46-BB78-233ECB73EF7C}.Release|Any CPU.ActiveCfg = Release|Any CPU
		{470990A4-59EE-4E46-BB78-233ECB73EF7C}.Release|Any CPU.Build.0 = Release|Any CPU
	EndGlobalSection
	GlobalSection(SolutionProperties) = preSolution
		HideSolutionNode = FALSE
	EndGlobalSection
	GlobalSection(ExtensibilityGlobals) = postSolution
		SolutionGuid = {3F7B1DAC-FB31-442B-AFC1-D3E6F4614B43}
	EndGlobalSection
EndGlobal
